
Microsoft Visual Studio Solution File, Format Version 12.00
# Visual Studio Version 16
VisualStudioVersion = 16.0.30611.23
MinimumVisualStudioVersion = 10.0.40219.1
Project("{FAE04EC0-301F-11D3-BF4B-00C04F79EFBC}") = "WebApplication1", "WebApplication1\WebApplication1.csproj", "{77CAB8EB-DD05-4DE5-8BC2-271C3AB22B6E}"
EndProject
Global
	GlobalSection(SolutionConfigurationPlatforms) = preSolution
		Debug|Any CPU = Debug|Any CPU
		Release|Any CPU = Release|Any CPU
	EndGlobalSection
	GlobalSection(ProjectConfigurationPlatforms) = postSolution
		{77CAB8EB-DD05-4DE5-8BC2-271C3AB22B6E}.Debug|Any CPU.ActiveCfg = Debug|Any CPU
		{77CAB8EB-DD05-4DE5-8BC2-271C3AB22B6E}.Debug|Any CPU.Build.0 = Debug|Any CPU
		{77CAB8EB-DD05-4DE5-8BC2-271C3AB22B6E}.Release|Any CPU.ActiveCfg = Release|Any CPU
		{77CAB8EB-DD05-4DE5-8BC2-271C3AB22B6E}.Release|Any CPU.Build.0 = Release|Any CPU
	EndGlobalSection
	GlobalSection(SolutionProperties) = preSolution
		HideSolutionNode = FALSE
	EndGlobalSection
	GlobalSection(ExtensibilityGlobals) = postSolution
		SolutionGuid = {58C84C6C-81F0-4D6B-9581-04FB6DCBCE9C}
	EndGlobalSection
EndGlobal
